
Microsoft Visual Studio Solution File, Format Version 12.00
# Visual Studio Version 16
VisualStudioVersion = 16.0.28803.202
MinimumVisualStudioVersion = 10.0.40219.1
Project("{FAE04EC0-301F-11D3-BF4B-00C04F79EFBC}") = "EasyMaple", "EasyMaple.csproj", "{A484B493-6728-4818-B069-7FD531711B38}"
EndProject
Global
	GlobalSection(SolutionConfigurationPlatforms) = preSolution
		Debug|Any CPU = Debug|Any CPU
		Release|Any CPU = Release|Any CPU
	EndGlobalSection
	GlobalSection(ProjectConfigurationPlatforms) = postSolution
		{A484B493-6728-4818-B069-7FD531711B38}.Debug|Any CPU.ActiveCfg = Debug|x86
		{A484B493-6728-4818-B069-7FD531711B38}.Debug|Any CPU.Build.0 = Debug|x86
		{A484B493-6728-4818-B069-7FD531711B38}.Release|Any CPU.ActiveCfg = Release|Any CPU
		{A484B493-6728-4818-B069-7FD531711B38}.Release|Any CPU.Build.0 = Release|Any CPU
	EndGlobalSection
	GlobalSection(SolutionProperties) = preSolution
		HideSolutionNode = FALSE
	EndGlobalSection
	GlobalSection(ExtensibilityGlobals) = postSolution
		SolutionGuid = {5E7487A3-3F84-419B-BEE2-F6D8A167AF7F}
	EndGlobalSection
EndGlobal
